// !$*UTF8*$!
{
	archiveVersion = 1;
	classes = {
	};
	objectVersion = 77;
	objects = {

/* Begin PBXBuildFile section */
		7E4B74A52F153C2A00B1B9A4 /* FirebaseAI in Frameworks */ = {isa = PBXBuildFile; productRef = 7E4B74A42F153C2A00B1B9A4 /* FirebaseAI */; };
		7E4B74A72F153C2A00B1B9A4 /* FirebaseAILogic in Frameworks */ = {isa = PBXBuildFile; productRef = 7E4B74A62F153C2A00B1B9A4 /* FirebaseAILogic */; };
		7E4B74A92F153C2A00B1B9A4 /* FirebaseAnalytics in Frameworks */ = {isa = PBXBuildFile; productRef = 7E4B74A82F153C2A00B1B9A4 /* FirebaseAnalytics */; };
		7E4B74AB2F153C2A00B1B9A4 /* FirebaseAnalyticsCore in Frameworks */ = {isa = PBXBuildFile; productRef = 7E4B74AA2F153C2A00B1B9A4 /* FirebaseAnalyticsCore */; };
		7E4B74AD2F153C2A00B1B9A4 /* FirebaseAnalyticsIdentitySupport in Frameworks */ = {isa = PBXBuildFile; productRef = 7E4B74AC2F153C2A00B1B9A4 /* FirebaseAnalyticsIdentitySupport */; };
		7E4B74AF2F153C2A00B1B9A4 /* FirebaseAppCheck in Frameworks */ = {isa = PBXBuildFile; productRef = 7E4B74AE2F153C2A00B1B9A4 /* FirebaseAppCheck */; };
		7E4B74B12F153C2A00B1B9A4 /* FirebaseAppDistribution-Beta in Frameworks */ = {isa = PBXBuildFile; productRef = 7E4B74B02F153C2A00B1B9A4 /* FirebaseAppDistribution-Beta */; };
		7E4B74B32F153C2A00B1B9A4 /* FirebaseAuth in Frameworks */ = {isa = PBXBuildFile; productRef = 7E4B74B22F153C2A00B1B9A4 /* FirebaseAuth */; };
		7E4B74B52F153C2A00B1B9A4 /* FirebaseAuthCombine-Community in Frameworks */ = {isa = PBXBuildFile; productRef = 7E4B74B42F153C2A00B1B9A4 /* FirebaseAuthCombine-Community */; };
		7E4B74B72F153C2A00B1B9A4 /* FirebaseCore in Frameworks */ = {isa = PBXBuildFile; productRef = 7E4B74B62F153C2A00B1B9A4 /* FirebaseCore */; };
		7E4B74B92F153C2A00B1B9A4 /* FirebaseCrashlytics in Frameworks */ = {isa = PBXBuildFile; productRef = 7E4B74B82F153C2A00B1B9A4 /* FirebaseCrashlytics */; };
		7E4B74BB2F153C2A00B1B9A4 /* FirebaseDatabase in Frameworks */ = {isa = PBXBuildFile; productRef = 7E4B74BA2F153C2A00B1B9A4 /* FirebaseDatabase */; };
		7E4B74BD2F153C2A00B1B9A4 /* FirebaseFirestore in Frameworks */ = {isa = PBXBuildFile; productRef = 7E4B74BC2F153C2A00B1B9A4 /* FirebaseFirestore */; };
		7E4B74BF2F153C2A00B1B9A4 /* FirebaseFirestoreCombine-Community in Frameworks */ = {isa = PBXBuildFile; productRef = 7E4B74BE2F153C2A00B1B9A4 /* FirebaseFirestoreCombine-Community */; };
		7E4B74C12F153C2A00B1B9A4 /* FirebaseFunctions in Frameworks */ = {isa = PBXBuildFile; productRef = 7E4B74C02F153C2A00B1B9A4 /* FirebaseFunctions */; };
		7E4B74C32F153C2A00B1B9A4 /* FirebaseFunctionsCombine-Community in Frameworks */ = {isa = PBXBuildFile; productRef = 7E4B74C22F153C2A00B1B9A4 /* FirebaseFunctionsCombine-Community */; };
		7E4B74C52F153C2A00B1B9A4 /* FirebaseInAppMessaging-Beta in Frameworks */ = {isa = PBXBuildFile; productRef = 7E4B74C42F153C2A00B1B9A4 /* FirebaseInAppMessaging-Beta */; };
		7E4B74C72F153C2A00B1B9A4 /* FirebaseInstallations in Frameworks */ = {isa = PBXBuildFile; productRef = 7E4B74C62F153C2A00B1B9A4 /* FirebaseInstallations */; };
		7E4B74C92F153C2A00B1B9A4 /* FirebaseMLModelDownloader in Frameworks */ = {isa = PBXBuildFile; productRef = 7E4B74C82F153C2A00B1B9A4 /* FirebaseMLModelDownloader */; };
		7E4B74CB2F153C2A00B1B9A4 /* FirebaseMessaging in Frameworks */ = {isa = PBXBuildFile; productRef = 7E4B74CA2F153C2A00B1B9A4 /* FirebaseMessaging */; };
		7E4B74CD2F153C2A00B1B9A4 /* FirebasePerformance in Frameworks */ = {isa = PBXBuildFile; productRef = 7E4B74CC2F153C2A00B1B9A4 /* FirebasePerformance */; };
		7E4B74CF2F153C2A00B1B9A4 /* FirebaseRemoteConfig in Frameworks */ = {isa = PBXBuildFile; productRef = 7E4B74CE2F153C2A00B1B9A4 /* FirebaseRemoteConfig */; };
		7E4B74D12F153C2A00B1B9A4 /* FirebaseStorage in Frameworks */ = {isa = PBXBuildFile; productRef = 7E4B74D02F153C2A00B1B9A4 /* FirebaseStorage */; };
		7E4B74D32F153C2A00B1B9A4 /* FirebaseStorageCombine-Community in Frameworks */ = {isa = PBXBuildFile; productRef = 7E4B74D22F153C2A00B1B9A4 /* FirebaseStorageCombine-Community */; };
/* End PBXBuildFile section */

/* Begin PBXContainerItemProxy section */
		7E6724572DD4E9AF00BDD7A9 /* PBXContainerItemProxy */ = {
			isa = PBXContainerItemProxy;
			containerPortal = 7E67243D2DD4E9AD00BDD7A9 /* Project object */;
			proxyType = 1;
			remoteGlobalIDString = 7E6724442DD4E9AD00BDD7A9;
			remoteInfo = "TikTok-Clone";
		};
		7E6724612DD4E9AF00BDD7A9 /* PBXContainerItemProxy */ = {
			isa = PBXContainerItemProxy;
			containerPortal = 7E67243D2DD4E9AD00BDD7A9 /* Project object */;
			proxyType = 1;
			remoteGlobalIDString = 7E6724442DD4E9AD00BDD7A9;
			remoteInfo = "TikTok-Clone";
		};
/* End PBXContainerItemProxy section */

/* Begin PBXFileReference section */
		7E6724452DD4E9AD00BDD7A9 /* TikTok-Clone.app */ = {isa = PBXFileReference; explicitFileType = wrapper.application; includeInIndex = 0; path = "TikTok-Clone.app"; sourceTree = BUILT_PRODUCTS_DIR; };
		7E6724562DD4E9AF00BDD7A9 /* TikTok-CloneTests.xctest */ = {isa = PBXFileReference; explicitFileType = wrapper.cfbundle; includeInIndex = 0; path = "TikTok-CloneTests.xctest"; sourceTree = BUILT_PRODUCTS_DIR; };
		7E6724602DD4E9AF00BDD7A9 /* TikTok-CloneUITests.xctest */ = {isa = PBXFileReference; explicitFileType = wrapper.cfbundle; includeInIndex = 0; path = "TikTok-CloneUITests.xctest"; sourceTree = BUILT_PRODUCTS_DIR; };
/* End PBXFileReference section */

/* Begin PBXFileSystemSynchronizedRootGroup section */
		7E6724472DD4E9AD00BDD7A9 /* TikTok-Clone */ = {
			isa = PBXFileSystemSynchronizedRootGroup;
			path = "TikTok-Clone";
			sourceTree = "<group>";
		};
		7E6724592DD4E9AF00BDD7A9 /* TikTok-CloneTests */ = {
			isa = PBXFileSystemSynchronizedRootGroup;
			path = "TikTok-CloneTests";
			sourceTree = "<group>";
		};
		7E6724632DD4E9AF00BDD7A9 /* TikTok-CloneUITests */ = {
			isa = PBXFileSystemSynchronizedRootGroup;
			path = "TikTok-CloneUITests";
			sourceTree = "<group>";
		};
/* End PBXFileSystemSynchronizedRootGroup section */

/* Begin PBXFrameworksBuildPhase section */
		7E6724422DD4E9AD00BDD7A9 /* Frameworks */ = {
			isa = PBXFrameworksBuildPhase;
			buildActionMask = 2147483647;
			files = (
				7E4B74B12F153C2A00B1B9A4 /* FirebaseAppDistribution-Beta in Frameworks */,
				7E4B74BD2F153C2A00B1B9A4 /* FirebaseFirestore in Frameworks */,
				7E4B74B52F153C2A00B1B9A4 /* FirebaseAuthCombine-Community in Frameworks */,
				7E4B74C72F153C2A00B1B9A4 /* FirebaseInstallations in Frameworks */,
				7E4B74A72F153C2A00B1B9A4 /* FirebaseAILogic in Frameworks */,
				7E4B74AD2F153C2A00B1B9A4 /* FirebaseAnalyticsIdentitySupport in Frameworks */,
				7E4B74C52F153C2A00B1B9A4 /* FirebaseInAppMessaging-Beta in Frameworks */,
				7E4B74A52F153C2A00B1B9A4 /* FirebaseAI in Frameworks */,
				7E4B74B92F153C2A00B1B9A4 /* FirebaseCrashlytics in Frameworks */,
				7E4B74C32F153C2A00B1B9A4 /* FirebaseFunctionsCombine-Community in Frameworks */,
				7E4B74D32F153C2A00B1B9A4 /* FirebaseStorageCombine-Community in Frameworks */,
				7E4B74BB2F153C2A00B1B9A4 /* FirebaseDatabase in Frameworks */,
				7E4B74D12F153C2A00B1B9A4 /* FirebaseStorage in Frameworks */,
				7E4B74CF2F153C2A00B1B9A4 /* FirebaseRemoteConfig in Frameworks */,
				7E4B74A92F153C2A00B1B9A4 /* FirebaseAnalytics in Frameworks */,
				7E4B74CB2F153C2A00B1B9A4 /* FirebaseMessaging in Frameworks */,
				7E4B74C92F153C2A00B1B9A4 /* FirebaseMLModelDownloader in Frameworks */,
				7E4B74CD2F153C2A00B1B9A4 /* FirebasePerformance in Frameworks */,
				7E4B74B72F153C2A00B1B9A4 /* FirebaseCore in Frameworks */,
				7E4B74AF2F153C2A00B1B9A4 /* FirebaseAppCheck in Frameworks */,
				7E4B74AB2F153C2A00B1B9A4 /* FirebaseAnalyticsCore in Frameworks */,
				7E4B74C12F153C2A00B1B9A4 /* FirebaseFunctions in Frameworks */,
				7E4B74B32F153C2A00B1B9A4 /* FirebaseAuth in Frameworks */,
				7E4B74BF2F153C2A00B1B9A4 /* FirebaseFirestoreCombine-Community in Frameworks */,
			);
			runOnlyForDeploymentPostprocessing = 0;
		};
		7E6724532DD4E9AF00BDD7A9 /* Frameworks */ = {
			isa = PBXFrameworksBuildPhase;
			buildActionMask = 2147483647;
			files = (
			);
			runOnlyForDeploymentPostprocessing = 0;
		};
		7E67245D2DD4E9AF00BDD7A9 /* Frameworks */ = {
			isa = PBXFrameworksBuildPhase;
			buildActionMask = 2147483647;
			files = (
			);
			runOnlyForDeploymentPostprocessing = 0;
		};
/* End PBXFrameworksBuildPhase section */

/* Begin PBXGroup section */
		7E67243C2DD4E9AD00BDD7A9 = {
			isa = PBXGroup;
			children = (
				7E6724472DD4E9AD00BDD7A9 /* TikTok-Clone */,
				7E6724592DD4E9AF00BDD7A9 /* TikTok-CloneTests */,
				7E6724632DD4E9AF00BDD7A9 /* TikTok-CloneUITests */,
				7E6724462DD4E9AD00BDD7A9 /* Products */,
			);
			sourceTree = "<group>";
		};
		7E6724462DD4E9AD00BDD7A9 /* Products */ = {
			isa = PBXGroup;
			children = (
				7E6724452DD4E9AD00BDD7A9 /* TikTok-Clone.app */,
				7E6724562DD4E9AF00BDD7A9 /* TikTok-CloneTests.xctest */,
				7E6724602DD4E9AF00BDD7A9 /* TikTok-CloneUITests.xctest */,
			);
			name = Products;
			sourceTree = "<group>";
		};
/* End PBXGroup section */

/* Begin PBXNativeTarget section */
		7E6724442DD4E9AD00BDD7A9 /* TikTok-Clone */ = {
			isa = PBXNativeTarget;
			buildConfigurationList = 7E67246A2DD4E9AF00BDD7A9 /* Build configuration list for PBXNativeTarget "TikTok-Clone" */;
			buildPhases = (
				7E6724412DD4E9AD00BDD7A9 /* Sources */,
				7E6724422DD4E9AD00BDD7A9 /* Frameworks */,
				7E6724432DD4E9AD00BDD7A9 /* Resources */,
			);
			buildRules = (
			);
			dependencies = (
			);
			fileSystemSynchronizedGroups = (
				7E6724472DD4E9AD00BDD7A9 /* TikTok-Clone */,
			);
			name = "TikTok-Clone";
			packageProductDependencies = (
				7E4B74A42F153C2A00B1B9A4 /* FirebaseAI */,
				7E4B74A62F153C2A00B1B9A4 /* FirebaseAILogic */,
				7E4B74A82F153C2A00B1B9A4 /* FirebaseAnalytics */,
				7E4B74AA2F153C2A00B1B9A4 /* FirebaseAnalyticsCore */,
				7E4B74AC2F153C2A00B1B9A4 /* FirebaseAnalyticsIdentitySupport */,
				7E4B74AE2F153C2A00B1B9A4 /* FirebaseAppCheck */,
				7E4B74B02F153C2A00B1B9A4 /* FirebaseAppDistribution-Beta */,
				7E4B74B22F153C2A00B1B9A4 /* FirebaseAuth */,
				7E4B74B42F153C2A00B1B9A4 /* FirebaseAuthCombine-Community */,
				7E4B74B62F153C2A00B1B9A4 /* FirebaseCore */,
				7E4B74B82F153C2A00B1B9A4 /* FirebaseCrashlytics */,
				7E4B74BA2F153C2A00B1B9A4 /* FirebaseDatabase */,
				7E4B74BC2F153C2A00B1B9A4 /* FirebaseFirestore */,
				7E4B74BE2F153C2A00B1B9A4 /* FirebaseFirestoreCombine-Community */,
				7E4B74C02F153C2A00B1B9A4 /* FirebaseFunctions */,
				7E4B74C22F153C2A00B1B9A4 /* FirebaseFunctionsCombine-Community */,
				7E4B74C42F153C2A00B1B9A4 /* FirebaseInAppMessaging-Beta */,
				7E4B74C62F153C2A00B1B9A4 /* FirebaseInstallations */,
				7E4B74C82F153C2A00B1B9A4 /* FirebaseMLModelDownloader */,
				7E4B74CA2F153C2A00B1B9A4 /* FirebaseMessaging */,
				7E4B74CC2F153C2A00B1B9A4 /* FirebasePerformance */,
				7E4B74CE2F153C2A00B1B9A4 /* FirebaseRemoteConfig */,
				7E4B74D02F153C2A00B1B9A4 /* FirebaseStorage */,
				7E4B74D22F153C2A00B1B9A4 /* FirebaseStorageCombine-Community */,
			);
			productName = "TikTok-Clone";
			productReference = 7E6724452DD4E9AD00BDD7A9 /* TikTok-Clone.app */;
			productType = "com.apple.product-type.application";
		};
		7E6724552DD4E9AF00BDD7A9 /* TikTok-CloneTests */ = {
			isa = PBXNativeTarget;
			buildConfigurationList = 7E67246D2DD4E9AF00BDD7A9 /* Build configuration list for PBXNativeTarget "TikTok-CloneTests" */;
			buildPhases = (
				7E6724522DD4E9AF00BDD7A9 /* Sources */,
				7E6724532DD4E9AF00BDD7A9 /* Frameworks */,
				7E6724542DD4E9AF00BDD7A9 /* Resources */,
			);
			buildRules = (
			);
			dependencies = (
				7E6724582DD4E9AF00BDD7A9 /* PBXTargetDependency */,
			);
			fileSystemSynchronizedGroups = (
				7E6724592DD4E9AF00BDD7A9 /* TikTok-CloneTests */,
			);
			name = "TikTok-CloneTests";
			packageProductDependencies = (
			);
			productName = "TikTok-CloneTests";
			productReference = 7E6724562DD4E9AF00BDD7A9 /* TikTok-CloneTests.xctest */;
			productType = "com.apple.product-type.bundle.unit-test";
		};
		7E67245F2DD4E9AF00BDD7A9 /* TikTok-CloneUITests */ = {
			isa = PBXNativeTarget;
			buildConfigurationList = 7E6724702DD4E9AF00BDD7A9 /* Build configuration list for PBXNativeTarget "TikTok-CloneUITests" */;
			buildPhases = (
				7E67245C2DD4E9AF00BDD7A9 /* Sources */,
				7E67245D2DD4E9AF00BDD7A9 /* Frameworks */,
				7E67245E2DD4E9AF00BDD7A9 /* Resources */,
			);
			buildRules = (
			);
			dependencies = (
				7E6724622DD4E9AF00BDD7A9 /* PBXTargetDependency */,
			);
			fileSystemSynchronizedGroups = (
				7E6724632DD4E9AF00BDD7A9 /* TikTok-CloneUITests */,
			);
			name = "TikTok-CloneUITests";
			packageProductDependencies = (
			);
			productName = "TikTok-CloneUITests";
			productReference = 7E6724602DD4E9AF00BDD7A9 /* TikTok-CloneUITests.xctest */;
			productType = "com.apple.product-type.bundle.ui-testing";
		};
/* End PBXNativeTarget section */

/* Begin PBXProject section */
		7E67243D2DD4E9AD00BDD7A9 /* Project object */ = {
			isa = PBXProject;
			attributes = {
				BuildIndependentTargetsInParallel = 1;
				LastSwiftUpdateCheck = 1610;
				LastUpgradeCheck = 1610;
				TargetAttributes = {
					7E6724442DD4E9AD00BDD7A9 = {
						CreatedOnToolsVersion = 16.1;
					};
					7E6724552DD4E9AF00BDD7A9 = {
						CreatedOnToolsVersion = 16.1;
						TestTargetID = 7E6724442DD4E9AD00BDD7A9;
					};
					7E67245F2DD4E9AF00BDD7A9 = {
						CreatedOnToolsVersion = 16.1;
						TestTargetID = 7E6724442DD4E9AD00BDD7A9;
					};
				};
			};
			buildConfigurationList = 7E6724402DD4E9AD00BDD7A9 /* Build configuration list for PBXProject "TikTok-Clone" */;
			developmentRegion = en;
			hasScannedForEncodings = 0;
			knownRegions = (
				en,
				Base,
			);
			mainGroup = 7E67243C2DD4E9AD00BDD7A9;
			minimizedProjectReferenceProxies = 1;
			packageReferences = (
				7E4B74A32F153C2A00B1B9A4 /* XCRemoteSwiftPackageReference "firebase-ios-sdk" */,
			);
			preferredProjectObjectVersion = 77;
			productRefGroup = 7E6724462DD4E9AD00BDD7A9 /* Products */;
			projectDirPath = "";
			projectRoot = "";
			targets = (
				7E6724442DD4E9AD00BDD7A9 /* TikTok-Clone */,
				7E6724552DD4E9AF00BDD7A9 /* TikTok-CloneTests */,
				7E67245F2DD4E9AF00BDD7A9 /* TikTok-CloneUITests */,
			);
		};
/* End PBXProject section */

/* Begin PBXResourcesBuildPhase section */
		7E6724432DD4E9AD00BDD7A9 /* Resources */ = {
			isa = PBXResourcesBuildPhase;
			buildActionMask = 2147483647;
			files = (
			);
			runOnlyForDeploymentPostprocessing = 0;
		};
		7E6724542DD4E9AF00BDD7A9 /* Resources */ = {
			isa = PBXResourcesBuildPhase;
			buildActionMask = 2147483647;
			files = (
			);
			runOnlyForDeploymentPostprocessing = 0;
		};
		7E67245E2DD4E9AF00BDD7A9 /* Resources */ = {
			isa = PBXResourcesBuildPhase;
			buildActionMask = 2147483647;
			files = (
			);
			runOnlyForDeploymentPostprocessing = 0;
		};
/* End PBXResourcesBuildPhase section */

/* Begin PBXSourcesBuildPhase section */
		7E6724412DD4E9AD00BDD7A9 /* Sources */ = {
			isa = PBXSourcesBuildPhase;
			buildActionMask = 2147483647;
			files = (
			);
			runOnlyForDeploymentPostprocessing = 0;
		};
		7E6724522DD4E9AF00BDD7A9 /* Sources */ = {
			isa = PBXSourcesBuildPhase;
			buildActionMask = 2147483647;
			files = (
			);
			runOnlyForDeploymentPostprocessing = 0;
		};
		7E67245C2DD4E9AF00BDD7A9 /* Sources */ = {
			isa = PBXSourcesBuildPhase;
			buildActionMask = 2147483647;
			files = (
			);
			runOnlyForDeploymentPostprocessing = 0;
		};
/* End PBXSourcesBuildPhase section */

/* Begin PBXTargetDependency section */
		7E6724582DD4E9AF00BDD7A9 /* PBXTargetDependency */ = {
			isa = PBXTargetDependency;
			target = 7E6724442DD4E9AD00BDD7A9 /* TikTok-Clone */;
			targetProxy = 7E6724572DD4E9AF00BDD7A9 /* PBXContainerItemProxy */;
		};
		7E6724622DD4E9AF00BDD7A9 /* PBXTargetDependency */ = {
			isa = PBXTargetDependency;
			target = 7E6724442DD4E9AD00BDD7A9 /* TikTok-Clone */;
			targetProxy = 7E6724612DD4E9AF00BDD7A9 /* PBXContainerItemProxy */;
		};
/* End PBXTargetDependency section */

/* Begin XCBuildConfiguration section */
		7E6724682DD4E9AF00BDD7A9 /* Debug */ = {
			isa = XCBuildConfiguration;
			buildSettings = {
				ALWAYS_SEARCH_USER_PATHS = NO;
				ASSETCATALOG_COMPILER_GENERATE_SWIFT_ASSET_SYMBOL_EXTENSIONS = YES;
				CLANG_ANALYZER_NONNULL = YES;
				CLANG_ANALYZER_NUMBER_OBJECT_CONVERSION = YES_AGGRESSIVE;
				CLANG_CXX_LANGUAGE_STANDARD = "gnu++20";
				CLANG_ENABLE_MODULES = YES;
				CLANG_ENABLE_OBJC_ARC = YES;
				CLANG_ENABLE_OBJC_WEAK = YES;
				CLANG_WARN_BLOCK_CAPTURE_AUTORELEASING = YES;
				CLANG_WARN_BOOL_CONVERSION = YES;
				CLANG_WARN_COMMA = YES;
				CLANG_WARN_CONSTANT_CONVERSION = YES;
				CLANG_WARN_DEPRECATED_OBJC_IMPLEMENTATIONS = YES;
				CLANG_WARN_DIRECT_OBJC_ISA_USAGE = YES_ERROR;
				CLANG_WARN_DOCUMENTATION_COMMENTS = YES;
				CLANG_WARN_EMPTY_BODY = YES;
				CLANG_WARN_ENUM_CONVERSION = YES;
				CLANG_WARN_INFINITE_RECURSION = YES;
				CLANG_WARN_INT_CONVERSION = YES;
				CLANG_WARN_NON_LITERAL_NULL_CONVERSION = YES;
				CLANG_WARN_OBJC_IMPLICIT_RETAIN_SELF = YES;
				CLANG_WARN_OBJC_LITERAL_CONVERSION = YES;
				CLANG_WARN_OBJC_ROOT_CLASS = YES_ERROR;
				CLANG_WARN_QUOTED_INCLUDE_IN_FRAMEWORK_HEADER = YES;
				CLANG_WARN_RANGE_LOOP_ANALYSIS = YES;
				CLANG_WARN_STRICT_PROTOTYPES = YES;
				CLANG_WARN_SUSPICIOUS_MOVE = YES;
				CLANG_WARN_UNGUARDED_AVAILABILITY = YES_AGGRESSIVE;
				CLANG_WARN_UNREACHABLE_CODE = YES;
				CLANG_WARN__DUPLICATE_METHOD_MATCH = YES;
				COPY_PHASE_STRIP = NO;
				DEBUG_INFORMATION_FORMAT = dwarf;
				ENABLE_STRICT_OBJC_MSGSEND = YES;
				ENABLE_TESTABILITY = YES;
				ENABLE_USER_SCRIPT_SANDBOXING = YES;
				GCC_C_LANGUAGE_STANDARD = gnu17;
				GCC_DYNAMIC_NO_PIC = NO;
				GCC_NO_COMMON_BLOCKS = YES;
				GCC_OPTIMIZATION_LEVEL = 0;
				GCC_PREPROCESSOR_DEFINITIONS = (
					"DEBUG=1",
					"$(inherited)",
				);
				GCC_WARN_64_TO_32_BIT_CONVERSION = YES;
				GCC_WARN_ABOUT_RETURN_TYPE = YES_ERROR;
				GCC_WARN_UNDECLARED_SELECTOR = YES;
				GCC_WARN_UNINITIALIZED_AUTOS = YES_AGGRESSIVE;
				GCC_WARN_UNUSED_FUNCTION = YES;
				GCC_WARN_UNUSED_VARIABLE = YES;
				LOCALIZATION_PREFERS_STRING_CATALOGS = YES;
				MTL_ENABLE_DEBUG_INFO = INCLUDE_SOURCE;
				MTL_FAST_MATH = YES;
				ONLY_ACTIVE_ARCH = YES;
				SWIFT_ACTIVE_COMPILATION_CONDITIONS = "DEBUG $(inherited)";
				SWIFT_OPTIMIZATION_LEVEL = "-Onone";
			};
			name = Debug;
		};
		7E6724692DD4E9AF00BDD7A9 /* Release */ = {
			isa = XCBuildConfiguration;
			buildSettings = {
				ALWAYS_SEARCH_USER_PATHS = NO;
				ASSETCATALOG_COMPILER_GENERATE_SWIFT_ASSET_SYMBOL_EXTENSIONS = YES;
				CLANG_ANALYZER_NONNULL = YES;
				CLANG_ANALYZER_NUMBER_OBJECT_CONVERSION = YES_AGGRESSIVE;
				CLANG_CXX_LANGUAGE_STANDARD = "gnu++20";
				CLANG_ENABLE_MODULES = YES;
				CLANG_ENABLE_OBJC_ARC = YES;
				CLANG_ENABLE_OBJC_WEAK = YES;
				CLANG_WARN_BLOCK_CAPTURE_AUTORELEASING = YES;
				CLANG_WARN_BOOL_CONVERSION = YES;
				CLANG_WARN_COMMA = YES;
				CLANG_WARN_CONSTANT_CONVERSION = YES;
				CLANG_WARN_DEPRECATED_OBJC_IMPLEMENTATIONS = YES;
				CLANG_WARN_DIRECT_OBJC_ISA_USAGE = YES_ERROR;
				CLANG_WARN_DOCUMENTATION_COMMENTS = YES;
				CLANG_WARN_EMPTY_BODY = YES;
				CLANG_WARN_ENUM_CONVERSION = YES;
				CLANG_WARN_INFINITE_RECURSION = YES;
				CLANG_WARN_INT_CONVERSION = YES;
				CLANG_WARN_NON_LITERAL_NULL_CONVERSION = YES;
				CLANG_WARN_OBJC_IMPLICIT_RETAIN_SELF = YES;
				CLANG_WARN_OBJC_LITERAL_CONVERSION = YES;
				CLANG_WARN_OBJC_ROOT_CLASS = YES_ERROR;
				CLANG_WARN_QUOTED_INCLUDE_IN_FRAMEWORK_HEADER = YES;
				CLANG_WARN_RANGE_LOOP_ANALYSIS = YES;
				CLANG_WARN_STRICT_PROTOTYPES = YES;
				CLANG_WARN_SUSPICIOUS_MOVE = YES;
				CLANG_WARN_UNGUARDED_AVAILABILITY = YES_AGGRESSIVE;
				CLANG_WARN_UNREACHABLE_CODE = YES;
				CLANG_WARN__DUPLICATE_METHOD_MATCH = YES;
				COPY_PHASE_STRIP = NO;
				DEBUG_INFORMATION_FORMAT = "dwarf-with-dsym";
				ENABLE_NS_ASSERTIONS = NO;
				ENABLE_STRICT_OBJC_MSGSEND = YES;
				ENABLE_USER_SCRIPT_SANDBOXING = YES;
				GCC_C_LANGUAGE_STANDARD = gnu17;
				GCC_NO_COMMON_BLOCKS = YES;
				GCC_WARN_64_TO_32_BIT_CONVERSION = YES;
				GCC_WARN_ABOUT_RETURN_TYPE = YES_ERROR;
				GCC_WARN_UNDECLARED_SELECTOR = YES;
				GCC_WARN_UNINITIALIZED_AUTOS = YES_AGGRESSIVE;
				GCC_WARN_UNUSED_FUNCTION = YES;
				GCC_WARN_UNUSED_VARIABLE = YES;
				LOCALIZATION_PREFERS_STRING_CATALOGS = YES;
				MTL_ENABLE_DEBUG_INFO = NO;
				MTL_FAST_MATH = YES;
				SWIFT_COMPILATION_MODE = wholemodule;
			};
			name = Release;
		};
		7E67246B2DD4E9AF00BDD7A9 /* Debug */ = {
			isa = XCBuildConfiguration;
			buildSettings = {
				ASSETCATALOG_COMPILER_APPICON_NAME = AppIcon;
				ASSETCATALOG_COMPILER_GLOBAL_ACCENT_COLOR_NAME = AccentColor;
				CODE_SIGN_ENTITLEMENTS = "TikTok-Clone/TikTok_Clone.entitlements";
				CODE_SIGN_STYLE = Automatic;
				CURRENT_PROJECT_VERSION = 1;
				DEVELOPMENT_ASSET_PATHS = "\"TikTok-Clone/Preview Content\"";
				ENABLE_PREVIEWS = YES;
				GENERATE_INFOPLIST_FILE = YES;
				"INFOPLIST_KEY_UIApplicationSceneManifest_Generation[sdk=iphoneos*]" = YES;
				"INFOPLIST_KEY_UIApplicationSceneManifest_Generation[sdk=iphonesimulator*]" = YES;
				"INFOPLIST_KEY_UIApplicationSupportsIndirectInputEvents[sdk=iphoneos*]" = YES;
				"INFOPLIST_KEY_UIApplicationSupportsIndirectInputEvents[sdk=iphonesimulator*]" = YES;
				"INFOPLIST_KEY_UILaunchScreen_Generation[sdk=iphoneos*]" = YES;
				"INFOPLIST_KEY_UILaunchScreen_Generation[sdk=iphonesimulator*]" = YES;
				"INFOPLIST_KEY_UIStatusBarStyle[sdk=iphoneos*]" = UIStatusBarStyleDefault;
				"INFOPLIST_KEY_UIStatusBarStyle[sdk=iphonesimulator*]" = UIStatusBarStyleDefault;
				INFOPLIST_KEY_UISupportedInterfaceOrientations_iPad = "UIInterfaceOrientationPortrait UIInterfaceOrientationPortraitUpsideDown UIInterfaceOrientationLandscapeLeft UIInterfaceOrientationLandscapeRight";
				INFOPLIST_KEY_UISupportedInterfaceOrientations_iPhone = "UIInterfaceOrientationPortrait UIInterfaceOrientationLandscapeLeft UIInterfaceOrientationLandscapeRight";
				IPHONEOS_DEPLOYMENT_TARGET = 18.1;
				LD_RUNPATH_SEARCH_PATHS = "@executable_path/Frameworks";
				"LD_RUNPATH_SEARCH_PATHS[sdk=macosx*]" = "@executable_path/../Frameworks";
				MACOSX_DEPLOYMENT_TARGET = 15.1;
				MARKETING_VERSION = 1.0;
				PRODUCT_BUNDLE_IDENTIFIER = "com.fornari.TikTok-Clone";
				PRODUCT_NAME = "$(TARGET_NAME)";
				SDKROOT = auto;
				SUPPORTED_PLATFORMS = "iphoneos iphonesimulator macosx xros xrsimulator";
				SWIFT_EMIT_LOC_STRINGS = YES;
				SWIFT_VERSION = 5.0;
				TARGETED_DEVICE_FAMILY = "1,2,7";
				XROS_DEPLOYMENT_TARGET = 2.1;
			};
			name = Debug;
		};
		7E67246C2DD4E9AF00BDD7A9 /* Release */ = {
			isa = XCBuildConfiguration;
			buildSettings = {
				ASSETCATALOG_COMPILER_APPICON_NAME = AppIcon;
				ASSETCATALOG_COMPILER_GLOBAL_ACCENT_COLOR_NAME = AccentColor;
				CODE_SIGN_ENTITLEMENTS = "TikTok-Clone/TikTok_Clone.entitlements";
				CODE_SIGN_STYLE = Automatic;
				CURRENT_PROJECT_VERSION = 1;
				DEVELOPMENT_ASSET_PATHS = "\"TikTok-Clone/Preview Content\"";
				ENABLE_PREVIEWS = YES;
				GENERATE_INFOPLIST_FILE = YES;
				"INFOPLIST_KEY_UIApplicationSceneManifest_Generation[sdk=iphoneos*]" = YES;
				"INFOPLIST_KEY_UIApplicationSceneManifest_Generation[sdk=iphonesimulator*]" = YES;
				"INFOPLIST_KEY_UIApplicationSupportsIndirectInputEvents[sdk=iphoneos*]" = YES;
				"INFOPLIST_KEY_UIApplicationSupportsIndirectInputEvents[sdk=iphonesimulator*]" = YES;
				"INFOPLIST_KEY_UILaunchScreen_Generation[sdk=iphoneos*]" = YES;
				"INFOPLIST_KEY_UILaunchScreen_Generation[sdk=iphonesimulator*]" = YES;
				"INFOPLIST_KEY_UIStatusBarStyle[sdk=iphoneos*]" = UIStatusBarStyleDefault;
				"INFOPLIST_KEY_UIStatusBarStyle[sdk=iphonesimulator*]" = UIStatusBarStyleDefault;
				INFOPLIST_KEY_UISupportedInterfaceOrientations_iPad = "UIInterfaceOrientationPortrait UIInterfaceOrientationPortraitUpsideDown UIInterfaceOrientationLandscapeLeft UIInterfaceOrientationLandscapeRight";
				INFOPLIST_KEY_UISupportedInterfaceOrientations_iPhone = "UIInterfaceOrientationPortrait UIInterfaceOrientationLandscapeLeft UIInterfaceOrientationLandscapeRight";
				IPHONEOS_DEPLOYMENT_TARGET = 18.1;
				LD_RUNPATH_SEARCH_PATHS = "@executable_path/Frameworks";
				"LD_RUNPATH_SEARCH_PATHS[sdk=macosx*]" = "@executable_path/../Frameworks";
				MACOSX_DEPLOYMENT_TARGET = 15.1;
				MARKETING_VERSION = 1.0;
				PRODUCT_BUNDLE_IDENTIFIER = "com.fornari.TikTok-Clone";
				PRODUCT_NAME = "$(TARGET_NAME)";
				SDKROOT = auto;
				SUPPORTED_PLATFORMS = "iphoneos iphonesimulator macosx xros xrsimulator";
				SWIFT_EMIT_LOC_STRINGS = YES;
				SWIFT_VERSION = 5.0;
				TARGETED_DEVICE_FAMILY = "1,2,7";
				XROS_DEPLOYMENT_TARGET = 2.1;
			};
			name = Release;
		};
		7E67246E2DD4E9AF00BDD7A9 /* Debug */ = {
			isa = XCBuildConfiguration;
			buildSettings = {
				BUNDLE_LOADER = "$(TEST_HOST)";
				CODE_SIGN_STYLE = Automatic;
				CURRENT_PROJECT_VERSION = 1;
				GENERATE_INFOPLIST_FILE = YES;
				IPHONEOS_DEPLOYMENT_TARGET = 18.1;
				MACOSX_DEPLOYMENT_TARGET = 15.1;
				MARKETING_VERSION = 1.0;
				PRODUCT_BUNDLE_IDENTIFIER = "com.fornari.TikTok-CloneTests";
				PRODUCT_NAME = "$(TARGET_NAME)";
				SDKROOT = auto;
				SUPPORTED_PLATFORMS = "iphoneos iphonesimulator macosx xros xrsimulator";
				SWIFT_EMIT_LOC_STRINGS = NO;
				SWIFT_VERSION = 5.0;
				TARGETED_DEVICE_FAMILY = "1,2,7";
				TEST_HOST = "$(BUILT_PRODUCTS_DIR)/TikTok-Clone.app/$(BUNDLE_EXECUTABLE_FOLDER_PATH)/TikTok-Clone";
				XROS_DEPLOYMENT_TARGET = 2.1;
			};
			name = Debug;
		};
		7E67246F2DD4E9AF00BDD7A9 /* Release */ = {
			isa = XCBuildConfiguration;
			buildSettings = {
				BUNDLE_LOADER = "$(TEST_HOST)";
				CODE_SIGN_STYLE = Automatic;
				CURRENT_PROJECT_VERSION = 1;
				GENERATE_INFOPLIST_FILE = YES;
				IPHONEOS_DEPLOYMENT_TARGET = 18.1;
				MACOSX_DEPLOYMENT_TARGET = 15.1;
				MARKETING_VERSION = 1.0;
				PRODUCT_BUNDLE_IDENTIFIER = "com.fornari.TikTok-CloneTests";
				PRODUCT_NAME = "$(TARGET_NAME)";
				SDKROOT = auto;
				SUPPORTED_PLATFORMS = "iphoneos iphonesimulator macosx xros xrsimulator";
				SWIFT_EMIT_LOC_STRINGS = NO;
				SWIFT_VERSION = 5.0;
				TARGETED_DEVICE_FAMILY = "1,2,7";
				TEST_HOST = "$(BUILT_PRODUCTS_DIR)/TikTok-Clone.app/$(BUNDLE_EXECUTABLE_FOLDER_PATH)/TikTok-Clone";
				XROS_DEPLOYMENT_TARGET = 2.1;
			};
			name = Release;
		};
		7E6724712DD4E9AF00BDD7A9 /* Debug */ = {
			isa = XCBuildConfiguration;
			buildSettings = {
				CODE_SIGN_STYLE = Automatic;
				CURRENT_PROJECT_VERSION = 1;
				GENERATE_INFOPLIST_FILE = YES;
				IPHONEOS_DEPLOYMENT_TARGET = 18.1;
				MACOSX_DEPLOYMENT_TARGET = 15.1;
				MARKETING_VERSION = 1.0;
				PRODUCT_BUNDLE_IDENTIFIER = "com.fornari.TikTok-CloneUITests";
				PRODUCT_NAME = "$(TARGET_NAME)";
				SDKROOT = auto;
				SUPPORTED_PLATFORMS = "iphoneos iphonesimulator macosx xros xrsimulator";
				SWIFT_EMIT_LOC_STRINGS = NO;
				SWIFT_VERSION = 5.0;
				TARGETED_DEVICE_FAMILY = "1,2,7";
				TEST_TARGET_NAME = "TikTok-Clone";
				XROS_DEPLOYMENT_TARGET = 2.1;
			};
			name = Debug;
		};
		7E6724722DD4E9AF00BDD7A9 /* Release */ = {
			isa = XCBuildConfiguration;
			buildSettings = {
				CODE_SIGN_STYLE = Automatic;
				CURRENT_PROJECT_VERSION = 1;
				GENERATE_INFOPLIST_FILE = YES;
				IPHONEOS_DEPLOYMENT_TARGET = 18.1;
				MACOSX_DEPLOYMENT_TARGET = 15.1;
				MARKETING_VERSION = 1.0;
				PRODUCT_BUNDLE_IDENTIFIER = "com.fornari.TikTok-CloneUITests";
				PRODUCT_NAME = "$(TARGET_NAME)";
				SDKROOT = auto;
				SUPPORTED_PLATFORMS = "iphoneos iphonesimulator macosx xros xrsimulator";
				SWIFT_EMIT_LOC_STRINGS = NO;
				SWIFT_VERSION = 5.0;
				TARGETED_DEVICE_FAMILY = "1,2,7";
				TEST_TARGET_NAME = "TikTok-Clone";
				XROS_DEPLOYMENT_TARGET = 2.1;
			};
			name = Release;
		};
/* End XCBuildConfiguration section */

/* Begin XCConfigurationList section */
		7E6724402DD4E9AD00BDD7A9 /* Build configuration list for PBXProject "TikTok-Clone" */ = {
			isa = XCConfigurationList;
			buildConfigurations = (
				7E6724682DD4E9AF00BDD7A9 /* Debug */,
				7E6724692DD4E9AF00BDD7A9 /* Release */,
			);
			defaultConfigurationIsVisible = 0;
			defaultConfigurationName = Release;
		};
		7E67246A2DD4E9AF00BDD7A9 /* Build configuration list for PBXNativeTarget "TikTok-Clone" */ = {
			isa = XCConfigurationList;
			buildConfigurations = (
				7E67246B2DD4E9AF00BDD7A9 /* Debug */,
				7E67246C2DD4E9AF00BDD7A9 /* Release */,
			);
			defaultConfigurationIsVisible = 0;
			defaultConfigurationName = Release;
		};
		7E67246D2DD4E9AF00BDD7A9 /* Build configuration list for PBXNativeTarget "TikTok-CloneTests" */ = {
			isa = XCConfigurationList;
			buildConfigurations = (
				7E67246E2DD4E9AF00BDD7A9 /* Debug */,
				7E67246F2DD4E9AF00BDD7A9 /* Release */,
			);
			defaultConfigurationIsVisible = 0;
			defaultConfigurationName = Release;
		};
		7E6724702DD4E9AF00BDD7A9 /* Build configuration list for PBXNativeTarget "TikTok-CloneUITests" */ = {
			isa = XCConfigurationList;
			buildConfigurations = (
				7E6724712DD4E9AF00BDD7A9 /* Debug */,
				7E6724722DD4E9AF00BDD7A9 /* Release */,
			);
			defaultConfigurationIsVisible = 0;
			defaultConfigurationName = Release;
		};
/* End XCConfigurationList section */

/* Begin XCRemoteSwiftPackageReference section */
		7E4B74A32F153C2A00B1B9A4 /* XCRemoteSwiftPackageReference "firebase-ios-sdk" */ = {
			isa = XCRemoteSwiftPackageReference;
			repositoryURL = "https://github.com/firebase/firebase-ios-sdk";
			requirement = {
				kind = upToNextMajorVersion;
				minimumVersion = 12.7.0;
			};
		};
/* End XCRemoteSwiftPackageReference section */

/* Begin XCSwiftPackageProductDependency section */
		7E4B74A42F153C2A00B1B9A4 /* FirebaseAI */ = {
			isa = XCSwiftPackageProductDependency;
			package = 7E4B74A32F153C2A00B1B9A4 /* XCRemoteSwiftPackageReference "firebase-ios-sdk" */;
			productName = FirebaseAI;
		};
		7E4B74A62F153C2A00B1B9A4 /* FirebaseAILogic */ = {
			isa = XCSwiftPackageProductDependency;
			package = 7E4B74A32F153C2A00B1B9A4 /* XCRemoteSwiftPackageReference "firebase-ios-sdk" */;
			productName = FirebaseAILogic;
		};
		7E4B74A82F153C2A00B1B9A4 /* FirebaseAnalytics */ = {
			isa = XCSwiftPackageProductDependency;
			package = 7E4B74A32F153C2A00B1B9A4 /* XCRemoteSwiftPackageReference "firebase-ios-sdk" */;
			productName = FirebaseAnalytics;
		};
		7E4B74AA2F153C2A00B1B9A4 /* FirebaseAnalyticsCore */ = {
			isa = XCSwiftPackageProductDependency;
			package = 7E4B74A32F153C2A00B1B9A4 /* XCRemoteSwiftPackageReference "firebase-ios-sdk" */;
			productName = FirebaseAnalyticsCore;
		};
		7E4B74AC2F153C2A00B1B9A4 /* FirebaseAnalyticsIdentitySupport */ = {
			isa = XCSwiftPackageProductDependency;
			package = 7E4B74A32F153C2A00B1B9A4 /* XCRemoteSwiftPackageReference "firebase-ios-sdk" */;
			productName = FirebaseAnalyticsIdentitySupport;
		};
		7E4B74AE2F153C2A00B1B9A4 /* FirebaseAppCheck */ = {
			isa = XCSwiftPackageProductDependency;
			package = 7E4B74A32F153C2A00B1B9A4 /* XCRemoteSwiftPackageReference "firebase-ios-sdk" */;
			productName = FirebaseAppCheck;
		};
		7E4B74B02F153C2A00B1B9A4 /* FirebaseAppDistribution-Beta */ = {
			isa = XCSwiftPackageProductDependency;
			package = 7E4B74A32F153C2A00B1B9A4 /* XCRemoteSwiftPackageReference "firebase-ios-sdk" */;
			productName = "FirebaseAppDistribution-Beta";
		};
		7E4B74B22F153C2A00B1B9A4 /* FirebaseAuth */ = {
			isa = XCSwiftPackageProductDependency;
			package = 7E4B74A32F153C2A00B1B9A4 /* XCRemoteSwiftPackageReference "firebase-ios-sdk" */;
			productName = FirebaseAuth;
		};
		7E4B74B42F153C2A00B1B9A4 /* FirebaseAuthCombine-Community */ = {
			isa = XCSwiftPackageProductDependency;
			package = 7E4B74A32F153C2A00B1B9A4 /* XCRemoteSwiftPackageReference "firebase-ios-sdk" */;
			productName = "FirebaseAuthCombine-Community";
		};
		7E4B74B62F153C2A00B1B9A4 /* FirebaseCore */ = {
			isa = XCSwiftPackageProductDependency;
			package = 7E4B74A32F153C2A00B1B9A4 /* XCRemoteSwiftPackageReference "firebase-ios-sdk" */;
			productName = FirebaseCore;
		};
		7E4B74B82F153C2A00B1B9A4 /* FirebaseCrashlytics */ = {
			isa = XCSwiftPackageProductDependency;
			package = 7E4B74A32F153C2A00B1B9A4 /* XCRemoteSwiftPackageReference "firebase-ios-sdk" */;
			productName = FirebaseCrashlytics;
		};
		7E4B74BA2F153C2A00B1B9A4 /* FirebaseDatabase */ = {
			isa = XCSwiftPackageProductDependency;
			package = 7E4B74A32F153C2A00B1B9A4 /* XCRemoteSwiftPackageReference "firebase-ios-sdk" */;
			productName = FirebaseDatabase;
		};
		7E4B74BC2F153C2A00B1B9A4 /* FirebaseFirestore */ = {
			isa = XCSwiftPackageProductDependency;
			package = 7E4B74A32F153C2A00B1B9A4 /* XCRemoteSwiftPackageReference "firebase-ios-sdk" */;
			productName = FirebaseFirestore;
		};
		7E4B74BE2F153C2A00B1B9A4 /* FirebaseFirestoreCombine-Community */ = {
			isa = XCSwiftPackageProductDependency;
			package = 7E4B74A32F153C2A00B1B9A4 /* XCRemoteSwiftPackageReference "firebase-ios-sdk" */;
			productName = "FirebaseFirestoreCombine-Community";
		};
		7E4B74C02F153C2A00B1B9A4 /* FirebaseFunctions */ = {
			isa = XCSwiftPackageProductDependency;
			package = 7E4B74A32F153C2A00B1B9A4 /* XCRemoteSwiftPackageReference "firebase-ios-sdk" */;
			productName = FirebaseFunctions;
		};
		7E4B74C22F153C2A00B1B9A4 /* FirebaseFunctionsCombine-Community */ = {
			isa = XCSwiftPackageProductDependency;
			package = 7E4B74A32F153C2A00B1B9A4 /* XCRemoteSwiftPackageReference "firebase-ios-sdk" */;
			productName = "FirebaseFunctionsCombine-Community";
		};
		7E4B74C42F153C2A00B1B9A4 /* FirebaseInAppMessaging-Beta */ = {
			isa = XCSwiftPackageProductDependency;
			package = 7E4B74A32F153C2A00B1B9A4 /* XCRemoteSwiftPackageReference "firebase-ios-sdk" */;
			productName = "FirebaseInAppMessaging-Beta";
		};
		7E4B74C62F153C2A00B1B9A4 /* FirebaseInstallations */ = {
			isa = XCSwiftPackageProductDependency;
			package = 7E4B74A32F153C2A00B1B9A4 /* XCRemoteSwiftPackageReference "firebase-ios-sdk" */;
			productName = FirebaseInstallations;
		};
		7E4B74C82F153C2A00B1B9A4 /* FirebaseMLModelDownloader */ = {
			isa = XCSwiftPackageProductDependency;
			package = 7E4B74A32F153C2A00B1B9A4 /* XCRemoteSwiftPackageReference "firebase-ios-sdk" */;
			productName = FirebaseMLModelDownloader;
		};
		7E4B74CA2F153C2A00B1B9A4 /* FirebaseMessaging */ = {
			isa = XCSwiftPackageProductDependency;
			package = 7E4B74A32F153C2A00B1B9A4 /* XCRemoteSwiftPackageReference "firebase-ios-sdk" */;
			productName = FirebaseMessaging;
		};
		7E4B74CC2F153C2A00B1B9A4 /* FirebasePerformance */ = {
			isa = XCSwiftPackageProductDependency;
			package = 7E4B74A32F153C2A00B1B9A4 /* XCRemoteSwiftPackageReference "firebase-ios-sdk" */;
			productName = FirebasePerformance;
		};
		7E4B74CE2F153C2A00B1B9A4 /* FirebaseRemoteConfig */ = {
			isa = XCSwiftPackageProductDependency;
			package = 7E4B74A32F153C2A00B1B9A4 /* XCRemoteSwiftPackageReference "firebase-ios-sdk" */;
			productName = FirebaseRemoteConfig;
		};
		7E4B74D02F153C2A00B1B9A4 /* FirebaseStorage */ = {
			isa = XCSwiftPackageProductDependency;
			package = 7E4B74A32F153C2A00B1B9A4 /* XCRemoteSwiftPackageReference "firebase-ios-sdk" */;
			productName = FirebaseStorage;
		};
		7E4B74D22F153C2A00B1B9A4 /* FirebaseStorageCombine-Community */ = {
			isa = XCSwiftPackageProductDependency;
			package = 7E4B74A32F153C2A00B1B9A4 /* XCRemoteSwiftPackageReference "firebase-ios-sdk" */;
			productName = "FirebaseStorageCombine-Community";
		};
/* End XCSwiftPackageProductDependency section */
	};
	rootObject = 7E67243D2DD4E9AD00BDD7A9 /* Project object */;
}
